<Solution>
  <Configurations>
    <Platform Name="x64" />
    <Platform Name="ARM64" />
    <Platform Name="x86" />
  </Configurations>
  <Project Path="MTM_Receiving_Application.csproj">
    <Platform Solution="*|x64" Project="x64" />
    <Platform Solution="*|ARM64" Project="ARM64" />
    <Platform Solution="*|x86" Project="x86" />
    <Deploy />
  </Project>
  <Project Path="MTM_Receiving_Application.Tests/MTM_Receiving_Application.Tests.csproj" />
</Solution>