<Solution>
  <Configurations>
    <Platform Name="x64" />
  </Configurations>
  <Project Path="MTM_Receiving_Application.csproj">
    <Platform Solution="*|x64" Project="x64" />
    <Deploy />
  </Project>
  <Project Path="MTM_Receiving_Application.Tests/MTM_Receiving_Application.Tests.csproj">
    <Platform Solution="*|x64" Project="x64" />
  </Project>
</Solution>
